
Microsoft Visual Studio Solution File, Format Version 12.00
# Visual Studio Version 16
VisualStudioVersion = 16.0.29613.14
MinimumVisualStudioVersion = 10.0.40219.1
Project("{FAE04EC0-301F-11D3-BF4B-00C04F79EFBC}") = "ExportLogAnalytics", "ExportLogAnalytics\ExportLogAnalytics.csproj", "{7569D39F-21C0-41F7-81EB-4D92E370A03E}"
EndProject
Global
	GlobalSection(SolutionConfigurationPlatforms) = preSolution
		Debug|Any CPU = Debug|Any CPU
		Release|Any CPU = Release|Any CPU
	EndGlobalSection
	GlobalSection(ProjectConfigurationPlatforms) = postSolution
		{7569D39F-21C0-41F7-81EB-4D92E370A03E}.Debug|Any CPU.ActiveCfg = Debug|Any CPU
		{7569D39F-21C0-41F7-81EB-4D92E370A03E}.Debug|Any CPU.Build.0 = Debug|Any CPU
		{7569D39F-21C0-41F7-81EB-4D92E370A03E}.Release|Any CPU.ActiveCfg = Release|Any CPU
		{7569D39F-21C0-41F7-81EB-4D92E370A03E}.Release|Any CPU.Build.0 = Release|Any CPU
	EndGlobalSection
	GlobalSection(SolutionProperties) = preSolution
		HideSolutionNode = FALSE
	EndGlobalSection
	GlobalSection(ExtensibilityGlobals) = postSolution
		SolutionGuid = {CE1AC174-9412-43BA-B855-36E281FC5121}
	EndGlobalSection
EndGlobal
